
Microsoft Visual Studio Solution File, Format Version 12.00
# Visual Studio Version 16
VisualStudioVersion = 16.0.30717.126
MinimumVisualStudioVersion = 10.0.40219.1
Project("{9A19103F-16F7-4668-BE54-9A1E7A4F7556}") = "KasiopeaApi", "KasiopeaApi\KasiopeaApi.csproj", "{CC533337-684E-48A3-A068-F32B9515683D}"
EndProject
Project("{9A19103F-16F7-4668-BE54-9A1E7A4F7556}") = "KasiopeaApi.Test", "KasiopeaApi.Test\KasiopeaApi.Test.csproj", "{5E56EC3F-AED2-421C-B891-9FABCF1C14F3}"
EndProject
Global
	GlobalSection(SolutionConfigurationPlatforms) = preSolution
		Debug|Any CPU = Debug|Any CPU
		Release|Any CPU = Release|Any CPU
	EndGlobalSection
	GlobalSection(ProjectConfigurationPlatforms) = postSolution
		{CC533337-684E-48A3-A068-F32B9515683D}.Debug|Any CPU.ActiveCfg = Debug|Any CPU
		{CC533337-684E-48A3-A068-F32B9515683D}.Debug|Any CPU.Build.0 = Debug|Any CPU
		{CC533337-684E-48A3-A068-F32B9515683D}.Release|Any CPU.ActiveCfg = Release|Any CPU
		{CC533337-684E-48A3-A068-F32B9515683D}.Release|Any CPU.Build.0 = Release|Any CPU
		{5E56EC3F-AED2-421C-B891-9FABCF1C14F3}.Debug|Any CPU.ActiveCfg = Debug|Any CPU
		{5E56EC3F-AED2-421C-B891-9FABCF1C14F3}.Debug|Any CPU.Build.0 = Debug|Any CPU
		{5E56EC3F-AED2-421C-B891-9FABCF1C14F3}.Release|Any CPU.ActiveCfg = Release|Any CPU
		{5E56EC3F-AED2-421C-B891-9FABCF1C14F3}.Release|Any CPU.Build.0 = Release|Any CPU
	EndGlobalSection
	GlobalSection(SolutionProperties) = preSolution
		HideSolutionNode = FALSE
	EndGlobalSection
	GlobalSection(ExtensibilityGlobals) = postSolution
		SolutionGuid = {4800DA32-7F41-49F5-A392-32C9CD3E9210}
	EndGlobalSection
EndGlobal
